// !$*UTF8*$!
{
	archiveVersion = 1;
	classes = {
	};
	objectVersion = 46;
	objects = {

/* Begin PBXBuildFile section */
		7298352D1CAC7E8900646C40 /* AppDelegate.swift in Sources */ = {isa = PBXBuildFile; fileRef = 7298352C1CAC7E8900646C40 /* AppDelegate.swift */; };
		7298352F1CAC7E8900646C40 /* EditingViewController.swift in Sources */ = {isa = PBXBuildFile; fileRef = 7298352E1CAC7E8900646C40 /* EditingViewController.swift */; };
		729835311CAC7E8900646C40 /* Assets.xcassets in Resources */ = {isa = PBXBuildFile; fileRef = 729835301CAC7E8900646C40 /* Assets.xcassets */; };
		729835341CAC7E8A00646C40 /* Main.storyboard in Resources */ = {isa = PBXBuildFile; fileRef = 729835321CAC7E8A00646C40 /* Main.storyboard */; };
		72B9A0451CACE8C200952FCF /* Swinject.framework in Frameworks */ = {isa = PBXBuildFile; fileRef = 72B9A0441CACE8C200952FCF /* Swinject.framework */; };
		72B9A0481CACE9FB00952FCF /* SwinjectStoryboard+setup.swift in Sources */ = {isa = PBXBuildFile; fileRef = 72B9A0471CACE9FB00952FCF /* SwinjectStoryboard+setup.swift */; };
		72B9A04B1CACEA5800952FCF /* Swinject.framework in CopyFiles */ = {isa = PBXBuildFile; fileRef = 72B9A0441CACE8C200952FCF /* Swinject.framework */; settings = {ATTRIBUTES = (CodeSignOnCopy, RemoveHeadersOnCopy, ); }; };
		72B9A04D1CACEA9400952FCF /* OpenPanel.swift in Sources */ = {isa = PBXBuildFile; fileRef = 72B9A04C1CACEA9400952FCF /* OpenPanel.swift */; };
		72E9FBF51CAC8B7500F88075 /* ModalTextView.swift in Sources */ = {isa = PBXBuildFile; fileRef = 72E9FBF41CAC8B7500F88075 /* ModalTextView.swift */; };
		72E9FBF81CACDFA100F88075 /* ModalEditingDocument.swift in Sources */ = {isa = PBXBuildFile; fileRef = 72E9FBF61CACDFA100F88075 /* ModalEditingDocument.swift */; };
/* End PBXBuildFile section */

/* Begin PBXCopyFilesBuildPhase section */
		72B9A0491CACEA4600952FCF /* CopyFiles */ = {
			isa = PBXCopyFilesBuildPhase;
			buildActionMask = 2147483647;
			dstPath = "";
			dstSubfolderSpec = 10;
			files = (
				72B9A04B1CACEA5800952FCF /* Swinject.framework in CopyFiles */,
			);
			runOnlyForDeploymentPostprocessing = 0;
		};
/* End PBXCopyFilesBuildPhase section */

/* Begin PBXFileReference section */
		729835291CAC7E8900646C40 /* Swim.app */ = {isa = PBXFileReference; explicitFileType = wrapper.application; includeInIndex = 0; path = Swim.app; sourceTree = BUILT_PRODUCTS_DIR; };
		7298352C1CAC7E8900646C40 /* AppDelegate.swift */ = {isa = PBXFileReference; lastKnownFileType = sourcecode.swift; path = AppDelegate.swift; sourceTree = "<group>"; };
		7298352E1CAC7E8900646C40 /* EditingViewController.swift */ = {isa = PBXFileReference; lastKnownFileType = sourcecode.swift; path = EditingViewController.swift; sourceTree = "<group>"; };
		729835301CAC7E8900646C40 /* Assets.xcassets */ = {isa = PBXFileReference; lastKnownFileType = folder.assetcatalog; path = Assets.xcassets; sourceTree = "<group>"; };
		729835331CAC7E8A00646C40 /* Base */ = {isa = PBXFileReference; lastKnownFileType = file.storyboard; name = Base; path = Base.lproj/Main.storyboard; sourceTree = "<group>"; };
		729835351CAC7E8A00646C40 /* Info.plist */ = {isa = PBXFileReference; lastKnownFileType = text.plist.xml; path = Info.plist; sourceTree = "<group>"; };
		72B9A0441CACE8C200952FCF /* Swinject.framework */ = {isa = PBXFileReference; lastKnownFileType = wrapper.framework; name = Swinject.framework; path = Carthage/Build/Mac/Swinject.framework; sourceTree = "<group>"; };
		72B9A0471CACE9FB00952FCF /* SwinjectStoryboard+setup.swift */ = {isa = PBXFileReference; fileEncoding = 4; lastKnownFileType = sourcecode.swift; path = "SwinjectStoryboard+setup.swift"; sourceTree = "<group>"; };
		72B9A04C1CACEA9400952FCF /* OpenPanel.swift */ = {isa = PBXFileReference; fileEncoding = 4; lastKnownFileType = sourcecode.swift; path = OpenPanel.swift; sourceTree = "<group>"; };
		72E9FBF41CAC8B7500F88075 /* ModalTextView.swift */ = {isa = PBXFileReference; fileEncoding = 4; lastKnownFileType = sourcecode.swift; path = ModalTextView.swift; sourceTree = "<group>"; };
		72E9FBF61CACDFA100F88075 /* ModalEditingDocument.swift */ = {isa = PBXFileReference; fileEncoding = 4; lastKnownFileType = sourcecode.swift; path = ModalEditingDocument.swift; sourceTree = "<group>"; };
/* End PBXFileReference section */

/* Begin PBXFrameworksBuildPhase section */
		729835261CAC7E8900646C40 /* Frameworks */ = {
			isa = PBXFrameworksBuildPhase;
			buildActionMask = 2147483647;
			files = (
				72B9A0451CACE8C200952FCF /* Swinject.framework in Frameworks */,
			);
			runOnlyForDeploymentPostprocessing = 0;
		};
/* End PBXFrameworksBuildPhase section */

/* Begin PBXGroup section */
		729835201CAC7E8900646C40 = {
			isa = PBXGroup;
			children = (
				72B9A0461CACE8C500952FCF /* Frameworks */,
				7298352B1CAC7E8900646C40 /* Swim */,
				7298352A1CAC7E8900646C40 /* Products */,
			);
			sourceTree = "<group>";
		};
		7298352A1CAC7E8900646C40 /* Products */ = {
			isa = PBXGroup;
			children = (
				729835291CAC7E8900646C40 /* Swim.app */,
			);
			name = Products;
			sourceTree = "<group>";
		};
		7298352B1CAC7E8900646C40 /* Swim */ = {
			isa = PBXGroup;
			children = (
				7298352C1CAC7E8900646C40 /* AppDelegate.swift */,
				7298352E1CAC7E8900646C40 /* EditingViewController.swift */,
				72E9FBF61CACDFA100F88075 /* ModalEditingDocument.swift */,
				729835301CAC7E8900646C40 /* Assets.xcassets */,
				729835321CAC7E8A00646C40 /* Main.storyboard */,
				729835351CAC7E8A00646C40 /* Info.plist */,
				72E9FBF41CAC8B7500F88075 /* ModalTextView.swift */,
				72B9A0471CACE9FB00952FCF /* SwinjectStoryboard+setup.swift */,
				72B9A04C1CACEA9400952FCF /* OpenPanel.swift */,
			);
			path = Swim;
			sourceTree = "<group>";
		};
		72B9A0461CACE8C500952FCF /* Frameworks */ = {
			isa = PBXGroup;
			children = (
				72B9A0441CACE8C200952FCF /* Swinject.framework */,
			);
			name = Frameworks;
			sourceTree = "<group>";
		};
/* End PBXGroup section */

/* Begin PBXNativeTarget section */
		729835281CAC7E8900646C40 /* Swim */ = {
			isa = PBXNativeTarget;
			buildConfigurationList = 729835381CAC7E8A00646C40 /* Build configuration list for PBXNativeTarget "Swim" */;
			buildPhases = (
				729835251CAC7E8900646C40 /* Sources */,
				729835261CAC7E8900646C40 /* Frameworks */,
				729835271CAC7E8900646C40 /* Resources */,
				72B9A0491CACEA4600952FCF /* CopyFiles */,
			);
			buildRules = (
			);
			dependencies = (
			);
			name = Swim;
			productName = Swim;
			productReference = 729835291CAC7E8900646C40 /* Swim.app */;
			productType = "com.apple.product-type.application";
		};
/* End PBXNativeTarget section */

/* Begin PBXProject section */
		729835211CAC7E8900646C40 /* Project object */ = {
			isa = PBXProject;
			attributes = {
				LastSwiftUpdateCheck = 0730;
				LastUpgradeCheck = 0730;
				ORGANIZATIONNAME = "Ehren Murdick";
				TargetAttributes = {
					729835281CAC7E8900646C40 = {
						CreatedOnToolsVersion = 7.3;
					};
				};
			};
			buildConfigurationList = 729835241CAC7E8900646C40 /* Build configuration list for PBXProject "Swim" */;
			compatibilityVersion = "Xcode 3.2";
			developmentRegion = English;
			hasScannedForEncodings = 0;
			knownRegions = (
				en,
				Base,
			);
			mainGroup = 729835201CAC7E8900646C40;
			productRefGroup = 7298352A1CAC7E8900646C40 /* Products */;
			projectDirPath = "";
			projectRoot = "";
			targets = (
				729835281CAC7E8900646C40 /* Swim */,
			);
		};
/* End PBXProject section */

/* Begin PBXResourcesBuildPhase section */
		729835271CAC7E8900646C40 /* Resources */ = {
			isa = PBXResourcesBuildPhase;
			buildActionMask = 2147483647;
			files = (
				729835311CAC7E8900646C40 /* Assets.xcassets in Resources */,
				729835341CAC7E8A00646C40 /* Main.storyboard in Resources */,
			);
			runOnlyForDeploymentPostprocessing = 0;
		};
/* End PBXResourcesBuildPhase section */

/* Begin PBXSourcesBuildPhase section */
		729835251CAC7E8900646C40 /* Sources */ = {
			isa = PBXSourcesBuildPhase;
			buildActionMask = 2147483647;
			files = (
				72E9FBF51CAC8B7500F88075 /* ModalTextView.swift in Sources */,
				72E9FBF81CACDFA100F88075 /* ModalEditingDocument.swift in Sources */,
				7298352F1CAC7E8900646C40 /* EditingViewController.swift in Sources */,
				72B9A0481CACE9FB00952FCF /* SwinjectStoryboard+setup.swift in Sources */,
				72B9A04D1CACEA9400952FCF /* OpenPanel.swift in Sources */,
				7298352D1CAC7E8900646C40 /* AppDelegate.swift in Sources */,
			);
			runOnlyForDeploymentPostprocessing = 0;
		};
/* End PBXSourcesBuildPhase section */

/* Begin PBXVariantGroup section */
		729835321CAC7E8A00646C40 /* Main.storyboard */ = {
			isa = PBXVariantGroup;
			children = (
				729835331CAC7E8A00646C40 /* Base */,
			);
			name = Main.storyboard;
			sourceTree = "<group>";
		};
/* End PBXVariantGroup section */

/* Begin XCBuildConfiguration section */
		729835361CAC7E8A00646C40 /* Debug */ = {
			isa = XCBuildConfiguration;
			buildSettings = {
				ALWAYS_SEARCH_USER_PATHS = NO;
				CLANG_ANALYZER_NONNULL = YES;
				CLANG_CXX_LANGUAGE_STANDARD = "gnu++0x";
				CLANG_CXX_LIBRARY = "libc++";
				CLANG_ENABLE_MODULES = YES;
				CLANG_ENABLE_OBJC_ARC = YES;
				CLANG_WARN_BOOL_CONVERSION = YES;
				CLANG_WARN_CONSTANT_CONVERSION = YES;
				CLANG_WARN_DIRECT_OBJC_ISA_USAGE = YES_ERROR;
				CLANG_WARN_EMPTY_BODY = YES;
				CLANG_WARN_ENUM_CONVERSION = YES;
				CLANG_WARN_INT_CONVERSION = YES;
				CLANG_WARN_OBJC_ROOT_CLASS = YES_ERROR;
				CLANG_WARN_UNREACHABLE_CODE = YES;
				CLANG_WARN__DUPLICATE_METHOD_MATCH = YES;
				CODE_SIGN_IDENTITY = "-";
				COPY_PHASE_STRIP = NO;
				DEBUG_INFORMATION_FORMAT = dwarf;
				ENABLE_STRICT_OBJC_MSGSEND = YES;
				ENABLE_TESTABILITY = YES;
				GCC_C_LANGUAGE_STANDARD = gnu99;
				GCC_DYNAMIC_NO_PIC = NO;
				GCC_NO_COMMON_BLOCKS = YES;
				GCC_OPTIMIZATION_LEVEL = 0;
				GCC_PREPROCESSOR_DEFINITIONS = (
					"DEBUG=1",
					"$(inherited)",
				);
				GCC_WARN_64_TO_32_BIT_CONVERSION = YES;
				GCC_WARN_ABOUT_RETURN_TYPE = YES_ERROR;
				GCC_WARN_UNDECLARED_SELECTOR = YES;
				GCC_WARN_UNINITIALIZED_AUTOS = YES_AGGRESSIVE;
				GCC_WARN_UNUSED_FUNCTION = YES;
				GCC_WARN_UNUSED_VARIABLE = YES;
				MACOSX_DEPLOYMENT_TARGET = 10.11;
				MTL_ENABLE_DEBUG_INFO = YES;
				ONLY_ACTIVE_ARCH = YES;
				SDKROOT = macosx;
				SWIFT_OPTIMIZATION_LEVEL = "-Onone";
			};
			name = Debug;
		};
		729835371CAC7E8A00646C40 /* Release */ = {
			isa = XCBuildConfiguration;
			buildSettings = {
				ALWAYS_SEARCH_USER_PATHS = NO;
				CLANG_ANALYZER_NONNULL = YES;
				CLANG_CXX_LANGUAGE_STANDARD = "gnu++0x";
				CLANG_CXX_LIBRARY = "libc++";
				CLANG_ENABLE_MODULES = YES;
				CLANG_ENABLE_OBJC_ARC = YES;
				CLANG_WARN_BOOL_CONVERSION = YES;
				CLANG_WARN_CONSTANT_CONVERSION = YES;
				CLANG_WARN_DIRECT_OBJC_ISA_USAGE = YES_ERROR;
				CLANG_WARN_EMPTY_BODY = YES;
				CLANG_WARN_ENUM_CONVERSION = YES;
				CLANG_WARN_INT_CONVERSION = YES;
				CLANG_WARN_OBJC_ROOT_CLASS = YES_ERROR;
				CLANG_WARN_UNREACHABLE_CODE = YES;
				CLANG_WARN__DUPLICATE_METHOD_MATCH = YES;
				CODE_SIGN_IDENTITY = "-";
				COPY_PHASE_STRIP = NO;
				DEBUG_INFORMATION_FORMAT = "dwarf-with-dsym";
				ENABLE_NS_ASSERTIONS = NO;
				ENABLE_STRICT_OBJC_MSGSEND = YES;
				GCC_C_LANGUAGE_STANDARD = gnu99;
				GCC_NO_COMMON_BLOCKS = YES;
				GCC_WARN_64_TO_32_BIT_CONVERSION = YES;
				GCC_WARN_ABOUT_RETURN_TYPE = YES_ERROR;
				GCC_WARN_UNDECLARED_SELECTOR = YES;
				GCC_WARN_UNINITIALIZED_AUTOS = YES_AGGRESSIVE;
				GCC_WARN_UNUSED_FUNCTION = YES;
				GCC_WARN_UNUSED_VARIABLE = YES;
				MACOSX_DEPLOYMENT_TARGET = 10.11;
				MTL_ENABLE_DEBUG_INFO = NO;
				SDKROOT = macosx;
			};
			name = Release;
		};
		729835391CAC7E8A00646C40 /* Debug */ = {
			isa = XCBuildConfiguration;
			buildSettings = {
				ASSETCATALOG_COMPILER_APPICON_NAME = AppIcon;
				COMBINE_HIDPI_IMAGES = YES;
				FRAMEWORK_SEARCH_PATHS = (
					"$(inherited)",
					"$(PROJECT_DIR)/Carthage/Build/Mac",
				);
				INFOPLIST_FILE = Swim/Info.plist;
				LD_RUNPATH_SEARCH_PATHS = "$(inherited) @executable_path/../Frameworks";
				PRODUCT_BUNDLE_IDENTIFIER = com.ehrenmurdick.Swim;
				PRODUCT_NAME = "$(TARGET_NAME)";
			};
			name = Debug;
		};
		7298353A1CAC7E8A00646C40 /* Release */ = {
			isa = XCBuildConfiguration;
			buildSettings = {
				ASSETCATALOG_COMPILER_APPICON_NAME = AppIcon;
				COMBINE_HIDPI_IMAGES = YES;
				FRAMEWORK_SEARCH_PATHS = (
					"$(inherited)",
					"$(PROJECT_DIR)/Carthage/Build/Mac",
				);
				INFOPLIST_FILE = Swim/Info.plist;
				LD_RUNPATH_SEARCH_PATHS = "$(inherited) @executable_path/../Frameworks";
				PRODUCT_BUNDLE_IDENTIFIER = com.ehrenmurdick.Swim;
				PRODUCT_NAME = "$(TARGET_NAME)";
			};
			name = Release;
		};
/* End XCBuildConfiguration section */

/* Begin XCConfigurationList section */
		729835241CAC7E8900646C40 /* Build configuration list for PBXProject "Swim" */ = {
			isa = XCConfigurationList;
			buildConfigurations = (
				729835361CAC7E8A00646C40 /* Debug */,
				729835371CAC7E8A00646C40 /* Release */,
			);
			defaultConfigurationIsVisible = 0;
			defaultConfigurationName = Release;
		};
		729835381CAC7E8A00646C40 /* Build configuration list for PBXNativeTarget "Swim" */ = {
			isa = XCConfigurationList;
			buildConfigurations = (
				729835391CAC7E8A00646C40 /* Debug */,
				7298353A1CAC7E8A00646C40 /* Release */,
			);
			defaultConfigurationIsVisible = 0;
			defaultConfigurationName = Release;
		};
/* End XCConfigurationList section */
	};
	rootObject = 729835211CAC7E8900646C40 /* Project object */;
}
